
Microsoft Visual Studio Solution File, Format Version 12.00
# Visual Studio Version 17
VisualStudioVersion = 17.0.31903.59
MinimumVisualStudioVersion = 10.0.40219.1
Project("{2150E333-8FDC-42A3-9474-1A3956D46DE8}") = "src", "src", "{790C60FA-DDD2-4EAA-9310-5A714170FCC4}"
EndProject
Project("{FAE04EC0-301F-11D3-BF4B-00C04F79EFBC}") = "CityInfo.API", "src\CityInfo.API\CityInfo.API.csproj", "{E916E1CC-5F35-4557-A75D-604CA8DBC3C2}"
EndProject
Project("{2150E333-8FDC-42A3-9474-1A3956D46DE8}") = "tests", "tests", "{217AF851-7229-4115-AD21-4BF6F4C165F3}"
EndProject
Project("{FAE04EC0-301F-11D3-BF4B-00C04F79EFBC}") = "CityInfo.API.Test", "src\tests\CityInfo.API.Test\CityInfo.API.Test.csproj", "{ABB10825-B35E-44B4-A972-1913E5B9721D}"
EndProject
Global
	GlobalSection(SolutionConfigurationPlatforms) = preSolution
		Debug|Any CPU = Debug|Any CPU
		Release|Any CPU = Release|Any CPU
	EndGlobalSection
	GlobalSection(SolutionProperties) = preSolution
		HideSolutionNode = FALSE
	EndGlobalSection
	GlobalSection(ProjectConfigurationPlatforms) = postSolution
		{E916E1CC-5F35-4557-A75D-604CA8DBC3C2}.Debug|Any CPU.ActiveCfg = Debug|Any CPU
		{E916E1CC-5F35-4557-A75D-604CA8DBC3C2}.Debug|Any CPU.Build.0 = Debug|Any CPU
		{E916E1CC-5F35-4557-A75D-604CA8DBC3C2}.Release|Any CPU.ActiveCfg = Release|Any CPU
		{E916E1CC-5F35-4557-A75D-604CA8DBC3C2}.Release|Any CPU.Build.0 = Release|Any CPU
		{ABB10825-B35E-44B4-A972-1913E5B9721D}.Debug|Any CPU.ActiveCfg = Debug|Any CPU
		{ABB10825-B35E-44B4-A972-1913E5B9721D}.Debug|Any CPU.Build.0 = Debug|Any CPU
		{ABB10825-B35E-44B4-A972-1913E5B9721D}.Release|Any CPU.ActiveCfg = Release|Any CPU
		{ABB10825-B35E-44B4-A972-1913E5B9721D}.Release|Any CPU.Build.0 = Release|Any CPU
	EndGlobalSection
	GlobalSection(NestedProjects) = preSolution
		{E916E1CC-5F35-4557-A75D-604CA8DBC3C2} = {790C60FA-DDD2-4EAA-9310-5A714170FCC4}
		{217AF851-7229-4115-AD21-4BF6F4C165F3} = {790C60FA-DDD2-4EAA-9310-5A714170FCC4}
		{ABB10825-B35E-44B4-A972-1913E5B9721D} = {217AF851-7229-4115-AD21-4BF6F4C165F3}
	EndGlobalSection
EndGlobal
